
Microsoft Visual Studio Solution File, Format Version 12.00
# Visual Studio Version 16
VisualStudioVersion = 16.0.28922.388
MinimumVisualStudioVersion = 10.0.40219.1
Project("{FAE04EC0-301F-11D3-BF4B-00C04F79EFBC}") = "InstaDownlaoder", "InstaDownlaoder.csproj", "{B86CFB3F-D533-4D69-B412-A3AB76308164}"
EndProject
Global
	GlobalSection(SolutionConfigurationPlatforms) = preSolution
		All|Any CPU = All|Any CPU
		Debug|Any CPU = Debug|Any CPU
		Release|Any CPU = Release|Any CPU
	EndGlobalSection
	GlobalSection(ProjectConfigurationPlatforms) = postSolution
		{B86CFB3F-D533-4D69-B412-A3AB76308164}.All|Any CPU.ActiveCfg = Release|Any CPU
		{B86CFB3F-D533-4D69-B412-A3AB76308164}.All|Any CPU.Build.0 = Release|Any CPU
		{B86CFB3F-D533-4D69-B412-A3AB76308164}.Debug|Any CPU.ActiveCfg = Debug|Any CPU
		{B86CFB3F-D533-4D69-B412-A3AB76308164}.Debug|Any CPU.Build.0 = Debug|Any CPU
		{B86CFB3F-D533-4D69-B412-A3AB76308164}.Release|Any CPU.ActiveCfg = Release|Any CPU
		{B86CFB3F-D533-4D69-B412-A3AB76308164}.Release|Any CPU.Build.0 = Release|Any CPU
	EndGlobalSection
	GlobalSection(SolutionProperties) = preSolution
		HideSolutionNode = FALSE
	EndGlobalSection
	GlobalSection(ExtensibilityGlobals) = postSolution
		SolutionGuid = {BDF72BD4-3F13-4B54-965B-15D383EEFD3D}
	EndGlobalSection
EndGlobal
